{
    "_meta": {
        "hash": {
            "sha256": "e3d79c2bfd09d71103868bad663fa55a63d4d94da6d8c21c0970dbca5c586253"
        },
        "pipfile-spec": 6,
        "requires": {
            "python_version": "3.6"
        },
        "sources": [
            {
                "name": "pypi",
                "url": "https://pypi.org/simple",
                "verify_ssl": true
            }
        ]
    },
    "default": {
        "dicttoxml": {
            "hashes": [
                "sha256:17a3791e1f80eede7cdb0a48a1c78a02338cf6fe3d68567aff18a6a5b5ca2621",
                "sha256:ea44cc4ec6c0f85098c57a431a1ee891b3549347b07b7414c8a24611ecf37e45"
            ],
            "index": "pypi",
            "version": "==1.7.4"
        }
    },
    "develop": {}
}
